
Microsoft Visual Studio Solution File, Format Version 12.00
# Visual Studio Version 16
VisualStudioVersion = 16.0.31112.23
MinimumVisualStudioVersion = 10.0.40219.1
Project("{9A19103F-16F7-4668-BE54-9A1E7A4F7556}") = "EducationProcess.Desktop", "EducationProcess.Desktop\EducationProcess.Desktop.csproj", "{27F2BB07-651C-487C-98E2-AF3C5A81E162}"
EndProject
Project("{FAE04EC0-301F-11D3-BF4B-00C04F79EFBC}") = "EducationProcess.Desktop.Tests", "EducationProcess.Desktop.Tests\EducationProcess.Desktop.Tests.csproj", "{C11E84EC-5097-4808-A9D4-95E76AFB7D4A}"
EndProject
Global
	GlobalSection(SolutionConfigurationPlatforms) = preSolution
		Debug|Any CPU = Debug|Any CPU
		Release|Any CPU = Release|Any CPU
	EndGlobalSection
	GlobalSection(ProjectConfigurationPlatforms) = postSolution
		{27F2BB07-651C-487C-98E2-AF3C5A81E162}.Debug|Any CPU.ActiveCfg = Debug|Any CPU
		{27F2BB07-651C-487C-98E2-AF3C5A81E162}.Debug|Any CPU.Build.0 = Debug|Any CPU
		{27F2BB07-651C-487C-98E2-AF3C5A81E162}.Release|Any CPU.ActiveCfg = Release|Any CPU
		{27F2BB07-651C-487C-98E2-AF3C5A81E162}.Release|Any CPU.Build.0 = Release|Any CPU
		{C11E84EC-5097-4808-A9D4-95E76AFB7D4A}.Debug|Any CPU.ActiveCfg = Debug|Any CPU
		{C11E84EC-5097-4808-A9D4-95E76AFB7D4A}.Debug|Any CPU.Build.0 = Debug|Any CPU
		{C11E84EC-5097-4808-A9D4-95E76AFB7D4A}.Release|Any CPU.ActiveCfg = Release|Any CPU
		{C11E84EC-5097-4808-A9D4-95E76AFB7D4A}.Release|Any CPU.Build.0 = Release|Any CPU
	EndGlobalSection
	GlobalSection(SolutionProperties) = preSolution
		HideSolutionNode = FALSE
	EndGlobalSection
	GlobalSection(ExtensibilityGlobals) = postSolution
		SolutionGuid = {9D6DC0B3-646D-4415-A407-109EF5669BAF}
	EndGlobalSection
EndGlobal
